
Microsoft Visual Studio Solution File, Format Version 12.00
# Visual Studio Version 17
VisualStudioVersion = 17.10.35027.167
MinimumVisualStudioVersion = 10.0.40219.1
Project("{9A19103F-16F7-4668-BE54-9A1E7A4F7556}") = "Collections", "Collections.csproj", "{F98FAFCA-95B1-4FD4-BB42-50E3178EC0F9}"
EndProject
Project("{9A19103F-16F7-4668-BE54-9A1E7A4F7556}") = "Listas", "..\Listas\Listas.csproj", "{768A89DE-F1D7-422A-BDDC-38FD4673C859}"
EndProject
Project("{9A19103F-16F7-4668-BE54-9A1E7A4F7556}") = "Object", "..\Object\Object.csproj", "{45525F82-66AF-471E-8BDD-045B525D8925}"
EndProject
Project("{9A19103F-16F7-4668-BE54-9A1E7A4F7556}") = "ReadOnly", "..\ReadOnly\ReadOnly.csproj", "{F1DC8DA3-D8A5-4F64-BE05-9F03E9F67F44}"
EndProject
Project("{9A19103F-16F7-4668-BE54-9A1E7A4F7556}") = "Order", "..\Order\Order.csproj", "{9435D804-1BAB-4DEF-A196-3854A20D1B86}"
EndProject
Project("{9A19103F-16F7-4668-BE54-9A1E7A4F7556}") = "Sets", "..\Sets\Sets.csproj", "{94C2AFCD-F681-4714-B0ED-96D0EC139C25}"
EndProject
Project("{9A19103F-16F7-4668-BE54-9A1E7A4F7556}") = "Models", "..\Models\Models.csproj", "{F14C96D9-1B2F-4571-BA00-30F97333DB3A}"
EndProject
Project("{9A19103F-16F7-4668-BE54-9A1E7A4F7556}") = "Dictionary", "..\Dictionary\Dictionary.csproj", "{3C593994-784F-4B38-8813-DB157D4E15EB}"
EndProject
Project("{9A19103F-16F7-4668-BE54-9A1E7A4F7556}") = "LinkedList", "..\LinkedList\LinkedList.csproj", "{79FE0F46-B305-42BA-9981-21DE42528C2E}"
EndProject
Project("{FAE04EC0-301F-11D3-BF4B-00C04F79EFBC}") = "Stacks", "..\Stacks\Stacks.csproj", "{44F41547-4CDD-4C1D-B06F-F207153B37D7}"
EndProject
Global
	GlobalSection(SolutionConfigurationPlatforms) = preSolution
		Debug|Any CPU = Debug|Any CPU
		Release|Any CPU = Release|Any CPU
	EndGlobalSection
	GlobalSection(ProjectConfigurationPlatforms) = postSolution
		{F98FAFCA-95B1-4FD4-BB42-50E3178EC0F9}.Debug|Any CPU.ActiveCfg = Debug|Any CPU
		{F98FAFCA-95B1-4FD4-BB42-50E3178EC0F9}.Debug|Any CPU.Build.0 = Debug|Any CPU
		{F98FAFCA-95B1-4FD4-BB42-50E3178EC0F9}.Release|Any CPU.ActiveCfg = Release|Any CPU
		{F98FAFCA-95B1-4FD4-BB42-50E3178EC0F9}.Release|Any CPU.Build.0 = Release|Any CPU
		{768A89DE-F1D7-422A-BDDC-38FD4673C859}.Debug|Any CPU.ActiveCfg = Debug|Any CPU
		{768A89DE-F1D7-422A-BDDC-38FD4673C859}.Debug|Any CPU.Build.0 = Debug|Any CPU
		{768A89DE-F1D7-422A-BDDC-38FD4673C859}.Release|Any CPU.ActiveCfg = Release|Any CPU
		{768A89DE-F1D7-422A-BDDC-38FD4673C859}.Release|Any CPU.Build.0 = Release|Any CPU
		{45525F82-66AF-471E-8BDD-045B525D8925}.Debug|Any CPU.ActiveCfg = Debug|Any CPU
		{45525F82-66AF-471E-8BDD-045B525D8925}.Debug|Any CPU.Build.0 = Debug|Any CPU
		{45525F82-66AF-471E-8BDD-045B525D8925}.Release|Any CPU.ActiveCfg = Release|Any CPU
		{45525F82-66AF-471E-8BDD-045B525D8925}.Release|Any CPU.Build.0 = Release|Any CPU
		{F1DC8DA3-D8A5-4F64-BE05-9F03E9F67F44}.Debug|Any CPU.ActiveCfg = Debug|Any CPU
		{F1DC8DA3-D8A5-4F64-BE05-9F03E9F67F44}.Debug|Any CPU.Build.0 = Debug|Any CPU
		{F1DC8DA3-D8A5-4F64-BE05-9F03E9F67F44}.Release|Any CPU.ActiveCfg = Release|Any CPU
		{F1DC8DA3-D8A5-4F64-BE05-9F03E9F67F44}.Release|Any CPU.Build.0 = Release|Any CPU
		{9435D804-1BAB-4DEF-A196-3854A20D1B86}.Debug|Any CPU.ActiveCfg = Debug|Any CPU
		{9435D804-1BAB-4DEF-A196-3854A20D1B86}.Debug|Any CPU.Build.0 = Debug|Any CPU
		{9435D804-1BAB-4DEF-A196-3854A20D1B86}.Release|Any CPU.ActiveCfg = Release|Any CPU
		{9435D804-1BAB-4DEF-A196-3854A20D1B86}.Release|Any CPU.Build.0 = Release|Any CPU
		{94C2AFCD-F681-4714-B0ED-96D0EC139C25}.Debug|Any CPU.ActiveCfg = Debug|Any CPU
		{94C2AFCD-F681-4714-B0ED-96D0EC139C25}.Debug|Any CPU.Build.0 = Debug|Any CPU
		{94C2AFCD-F681-4714-B0ED-96D0EC139C25}.Release|Any CPU.ActiveCfg = Release|Any CPU
		{94C2AFCD-F681-4714-B0ED-96D0EC139C25}.Release|Any CPU.Build.0 = Release|Any CPU
		{F14C96D9-1B2F-4571-BA00-30F97333DB3A}.Debug|Any CPU.ActiveCfg = Debug|Any CPU
		{F14C96D9-1B2F-4571-BA00-30F97333DB3A}.Debug|Any CPU.Build.0 = Debug|Any CPU
		{F14C96D9-1B2F-4571-BA00-30F97333DB3A}.Release|Any CPU.ActiveCfg = Release|Any CPU
		{F14C96D9-1B2F-4571-BA00-30F97333DB3A}.Release|Any CPU.Build.0 = Release|Any CPU
		{3C593994-784F-4B38-8813-DB157D4E15EB}.Debug|Any CPU.ActiveCfg = Debug|Any CPU
		{3C593994-784F-4B38-8813-DB157D4E15EB}.Debug|Any CPU.Build.0 = Debug|Any CPU
		{3C593994-784F-4B38-8813-DB157D4E15EB}.Release|Any CPU.ActiveCfg = Release|Any CPU
		{3C593994-784F-4B38-8813-DB157D4E15EB}.Release|Any CPU.Build.0 = Release|Any CPU
		{79FE0F46-B305-42BA-9981-21DE42528C2E}.Debug|Any CPU.ActiveCfg = Debug|Any CPU
		{79FE0F46-B305-42BA-9981-21DE42528C2E}.Debug|Any CPU.Build.0 = Debug|Any CPU
		{79FE0F46-B305-42BA-9981-21DE42528C2E}.Release|Any CPU.ActiveCfg = Release|Any CPU
		{79FE0F46-B305-42BA-9981-21DE42528C2E}.Release|Any CPU.Build.0 = Release|Any CPU
		{44F41547-4CDD-4C1D-B06F-F207153B37D7}.Debug|Any CPU.ActiveCfg = Debug|Any CPU
		{44F41547-4CDD-4C1D-B06F-F207153B37D7}.Debug|Any CPU.Build.0 = Debug|Any CPU
		{44F41547-4CDD-4C1D-B06F-F207153B37D7}.Release|Any CPU.ActiveCfg = Release|Any CPU
		{44F41547-4CDD-4C1D-B06F-F207153B37D7}.Release|Any CPU.Build.0 = Release|Any CPU
	EndGlobalSection
	GlobalSection(SolutionProperties) = preSolution
		HideSolutionNode = FALSE
	EndGlobalSection
	GlobalSection(ExtensibilityGlobals) = postSolution
		SolutionGuid = {24186079-DC2B-4F2E-9A60-D18E74B0964C}
	EndGlobalSection
EndGlobal
